
Microsoft Visual Studio Solution File, Format Version 12.00
# Visual Studio Version 17
VisualStudioVersion = 17.11.35222.181
MinimumVisualStudioVersion = 10.0.40219.1
Project("{9A19103F-16F7-4668-BE54-9A1E7A4F7556}") = "Game_World", "Game_World.csproj", "{0F3D9A5C-E372-4EB5-8196-406C8A890905}"
EndProject
Global
	GlobalSection(SolutionConfigurationPlatforms) = preSolution
		Debug|Any CPU = Debug|Any CPU
		Release|Any CPU = Release|Any CPU
	EndGlobalSection
	GlobalSection(ProjectConfigurationPlatforms) = postSolution
		{0F3D9A5C-E372-4EB5-8196-406C8A890905}.Debug|Any CPU.ActiveCfg = Debug|Any CPU
		{0F3D9A5C-E372-4EB5-8196-406C8A890905}.Debug|Any CPU.Build.0 = Debug|Any CPU
		{0F3D9A5C-E372-4EB5-8196-406C8A890905}.Release|Any CPU.ActiveCfg = Release|Any CPU
		{0F3D9A5C-E372-4EB5-8196-406C8A890905}.Release|Any CPU.Build.0 = Release|Any CPU
	EndGlobalSection
	GlobalSection(SolutionProperties) = preSolution
		HideSolutionNode = FALSE
	EndGlobalSection
	GlobalSection(ExtensibilityGlobals) = postSolution
		SolutionGuid = {54C56EFF-88B7-4AFA-9F50-120D0A997D31}
	EndGlobalSection
EndGlobal
